
Microsoft Visual Studio Solution File, Format Version 12.00
# Visual Studio 14
VisualStudioVersion = 14.0.24720.0
MinimumVisualStudioVersion = 10.0.40219.1
Project("{FAE04EC0-301F-11D3-BF4B-00C04F79EFBC}") = "PaymentKiosk", "PaymentKiosk\PaymentKiosk.csproj", "{8A1D074E-E603-469C-9840-0C07D1BD0474}"
EndProject
Project("{FAE04EC0-301F-11D3-BF4B-00C04F79EFBC}") = "PaymentKiosk.Core", "PaymentKiosk.Core\PaymentKiosk.Core.csproj", "{7F752904-A03C-4E3E-98C9-1CBEDA9E7C2E}"
EndProject
Global
	GlobalSection(SolutionConfigurationPlatforms) = preSolution
		Debug|Any CPU = Debug|Any CPU
		Release|Any CPU = Release|Any CPU
	EndGlobalSection
	GlobalSection(ProjectConfigurationPlatforms) = postSolution
		{8A1D074E-E603-469C-9840-0C07D1BD0474}.Debug|Any CPU.ActiveCfg = Debug|Any CPU
		{8A1D074E-E603-469C-9840-0C07D1BD0474}.Debug|Any CPU.Build.0 = Debug|Any CPU
		{8A1D074E-E603-469C-9840-0C07D1BD0474}.Release|Any CPU.ActiveCfg = Release|Any CPU
		{8A1D074E-E603-469C-9840-0C07D1BD0474}.Release|Any CPU.Build.0 = Release|Any CPU
		{7F752904-A03C-4E3E-98C9-1CBEDA9E7C2E}.Debug|Any CPU.ActiveCfg = Debug|Any CPU
		{7F752904-A03C-4E3E-98C9-1CBEDA9E7C2E}.Debug|Any CPU.Build.0 = Debug|Any CPU
		{7F752904-A03C-4E3E-98C9-1CBEDA9E7C2E}.Release|Any CPU.ActiveCfg = Release|Any CPU
		{7F752904-A03C-4E3E-98C9-1CBEDA9E7C2E}.Release|Any CPU.Build.0 = Release|Any CPU
	EndGlobalSection
	GlobalSection(SolutionProperties) = preSolution
		HideSolutionNode = FALSE
	EndGlobalSection
EndGlobal
